github.com/go-ole/go-ole v1.2.6 h1:/Fpf6oFPoeFik9ty7siob0G6Ke8QvQEuVcuChpwXzpY=
github.com/go-ole/go-ole v1.2.6/go.mod h1:pprOEPIfldk/42T2oK7lQ4v4JSDwmV0As9GaiUsvbm0=
github.com/jackmordaunt/pcidb v1.0.1 h1:uLLZa6kD5P39r2cwMyJJkxmuHfH9Wq19gYQEbYcB0Z4=
github.com/jackmordaunt/pcidb v1.0.1/go.mod h1:OMmhrZOZVu2hYXhBDZXddypxwKR/dp4DbIgzCkQDxdQ=
github.com/jackmordaunt/wmi v1.2.4 h1:/XyuMiKby0qXNQp1j0uU0JqTWLM0QGOVok1Hf5Yagtg=
github.com/jackmordaunt/wmi v1.2.4/go.mod h1:K/+FH4467Vk2fJXhYQTZzhctkCMMR7PwHqKbnizFySo=
golang.org/x/sys v0.0.0-20190916202348-b4ddaad3f8a3/go.mod h1:h1NjWce9XRLGQEsW7wpKNCjG9DtNlClVuFLEZdDNbEs=
golang.org/x/sys v0.29.0 h1:TPYlXGxvx1MGTn2GiZDhnjPA9wZzZeGKHHmKhHYvgaU=
golang.org/x/sys v0.29.0/go.mod h1:/VUhepiaJMQUp4+oa/7Zr1D23ma6VTLIYjOOTFZPUcA=
